// !$*UTF8*$!
{
	archiveVersion = 1;
	classes = {
	};
	objectVersion = 56;
	objects = {

/* Begin PBXBuildFile section */
		FAADFE572960D95E0054703C /* MovieBackdropCarouselView.swift in Sources */ = {isa = PBXBuildFile; fileRef = FAADFE562960D95E0054703C /* MovieBackdropCarouselView.swift */; };
		FAADFE592963B8370054703C /* MoviePosterCard.swift in Sources */ = {isa = PBXBuildFile; fileRef = FAADFE582963B8370054703C /* MoviePosterCard.swift */; };
		FAADFE5B2963BB390054703C /* MoviePosterCarouselView.swift in Sources */ = {isa = PBXBuildFile; fileRef = FAADFE5A2963BB390054703C /* MoviePosterCarouselView.swift */; };
		FAADFE5D296503660054703C /* MovieListState.swift in Sources */ = {isa = PBXBuildFile; fileRef = FAADFE5C296503660054703C /* MovieListState.swift */; };
		FAADFE61296506C10054703C /* ActivityIndicatorView.swift in Sources */ = {isa = PBXBuildFile; fileRef = FAADFE60296506C10054703C /* ActivityIndicatorView.swift */; };
		FABFD53D294E810400BCECC4 /* AppMovieApp.swift in Sources */ = {isa = PBXBuildFile; fileRef = FABFD53C294E810400BCECC4 /* AppMovieApp.swift */; };
		FABFD53F294E810400BCECC4 /* ContentView.swift in Sources */ = {isa = PBXBuildFile; fileRef = FABFD53E294E810400BCECC4 /* ContentView.swift */; };
		FABFD541294E810A00BCECC4 /* Assets.xcassets in Resources */ = {isa = PBXBuildFile; fileRef = FABFD540294E810A00BCECC4 /* Assets.xcassets */; };
		FABFD544294E810A00BCECC4 /* Preview Assets.xcassets in Resources */ = {isa = PBXBuildFile; fileRef = FABFD543294E810A00BCECC4 /* Preview Assets.xcassets */; };
		FAC42FB52951457B002CBD31 /* Movie.swift in Sources */ = {isa = PBXBuildFile; fileRef = FAC42FB42951457B002CBD31 /* Movie.swift */; };
		FAC42FB829514676002CBD31 /* MovieServices.swift in Sources */ = {isa = PBXBuildFile; fileRef = FAC42FB729514676002CBD31 /* MovieServices.swift */; };
		FAC42FBA29529295002CBD31 /* MovieStore.swift in Sources */ = {isa = PBXBuildFile; fileRef = FAC42FB929529295002CBD31 /* MovieStore.swift */; };
		FAC42FBC2953DEA1002CBD31 /* Utils.swift in Sources */ = {isa = PBXBuildFile; fileRef = FAC42FBB2953DEA1002CBD31 /* Utils.swift */; };
		FAC42FBE29574639002CBD31 /* Movie+Stub.swift in Sources */ = {isa = PBXBuildFile; fileRef = FAC42FBD29574639002CBD31 /* Movie+Stub.swift */; };
		FAC42FC3295BC75C002CBD31 /* movie_info.json in Resources */ = {isa = PBXBuildFile; fileRef = FAC42FC0295BC75C002CBD31 /* movie_info.json */; };
		FAC42FC4295BC75C002CBD31 /* movie_list.json in Resources */ = {isa = PBXBuildFile; fileRef = FAC42FC1295BC75C002CBD31 /* movie_list.json */; };
		FAC42FC5295BC75C002CBD31 /* search_movie.json in Resources */ = {isa = PBXBuildFile; fileRef = FAC42FC2295BC75C002CBD31 /* search_movie.json */; };
		FAC42FC8295BC7C6002CBD31 /* MovieBackdropCard.swift in Sources */ = {isa = PBXBuildFile; fileRef = FAC42FC7295BC7C6002CBD31 /* MovieBackdropCard.swift */; };
		FAC42FCB295BC8A9002CBD31 /* ImageLoader.swift in Sources */ = {isa = PBXBuildFile; fileRef = FAC42FCA295BC8A9002CBD31 /* ImageLoader.swift */; };
/* End PBXBuildFile section */

/* Begin PBXFileReference section */
		FAADFE562960D95E0054703C /* MovieBackdropCarouselView.swift */ = {isa = PBXFileReference; lastKnownFileType = sourcecode.swift; path = MovieBackdropCarouselView.swift; sourceTree = "<group>"; };
		FAADFE582963B8370054703C /* MoviePosterCard.swift */ = {isa = PBXFileReference; lastKnownFileType = sourcecode.swift; path = MoviePosterCard.swift; sourceTree = "<group>"; };
		FAADFE5A2963BB390054703C /* MoviePosterCarouselView.swift */ = {isa = PBXFileReference; lastKnownFileType = sourcecode.swift; path = MoviePosterCarouselView.swift; sourceTree = "<group>"; };
		FAADFE5C296503660054703C /* MovieListState.swift */ = {isa = PBXFileReference; lastKnownFileType = sourcecode.swift; path = MovieListState.swift; sourceTree = "<group>"; };
		FAADFE60296506C10054703C /* ActivityIndicatorView.swift */ = {isa = PBXFileReference; lastKnownFileType = sourcecode.swift; path = ActivityIndicatorView.swift; sourceTree = "<group>"; };
		FABFD539294E810400BCECC4 /* AppMovie.app */ = {isa = PBXFileReference; explicitFileType = wrapper.application; includeInIndex = 0; path = AppMovie.app; sourceTree = BUILT_PRODUCTS_DIR; };
		FABFD53C294E810400BCECC4 /* AppMovieApp.swift */ = {isa = PBXFileReference; lastKnownFileType = sourcecode.swift; path = AppMovieApp.swift; sourceTree = "<group>"; };
		FABFD53E294E810400BCECC4 /* ContentView.swift */ = {isa = PBXFileReference; lastKnownFileType = sourcecode.swift; path = ContentView.swift; sourceTree = "<group>"; };
		FABFD540294E810A00BCECC4 /* Assets.xcassets */ = {isa = PBXFileReference; lastKnownFileType = folder.assetcatalog; path = Assets.xcassets; sourceTree = "<group>"; };
		FABFD543294E810A00BCECC4 /* Preview Assets.xcassets */ = {isa = PBXFileReference; lastKnownFileType = folder.assetcatalog; path = "Preview Assets.xcassets"; sourceTree = "<group>"; };
		FAC42FB42951457B002CBD31 /* Movie.swift */ = {isa = PBXFileReference; lastKnownFileType = sourcecode.swift; path = Movie.swift; sourceTree = "<group>"; };
		FAC42FB729514676002CBD31 /* MovieServices.swift */ = {isa = PBXFileReference; lastKnownFileType = sourcecode.swift; path = MovieServices.swift; sourceTree = "<group>"; };
		FAC42FB929529295002CBD31 /* MovieStore.swift */ = {isa = PBXFileReference; lastKnownFileType = sourcecode.swift; path = MovieStore.swift; sourceTree = "<group>"; };
		FAC42FBB2953DEA1002CBD31 /* Utils.swift */ = {isa = PBXFileReference; lastKnownFileType = sourcecode.swift; path = Utils.swift; sourceTree = "<group>"; };
		FAC42FBD29574639002CBD31 /* Movie+Stub.swift */ = {isa = PBXFileReference; lastKnownFileType = sourcecode.swift; path = "Movie+Stub.swift"; sourceTree = "<group>"; };
		FAC42FC0295BC75C002CBD31 /* movie_info.json */ = {isa = PBXFileReference; fileEncoding = 4; lastKnownFileType = text.json; path = movie_info.json; sourceTree = "<group>"; };
		FAC42FC1295BC75C002CBD31 /* movie_list.json */ = {isa = PBXFileReference; fileEncoding = 4; lastKnownFileType = text.json; path = movie_list.json; sourceTree = "<group>"; };
		FAC42FC2295BC75C002CBD31 /* search_movie.json */ = {isa = PBXFileReference; fileEncoding = 4; lastKnownFileType = text.json; path = search_movie.json; sourceTree = "<group>"; };
		FAC42FC7295BC7C6002CBD31 /* MovieBackdropCard.swift */ = {isa = PBXFileReference; lastKnownFileType = sourcecode.swift; path = MovieBackdropCard.swift; sourceTree = "<group>"; };
		FAC42FCA295BC8A9002CBD31 /* ImageLoader.swift */ = {isa = PBXFileReference; lastKnownFileType = sourcecode.swift; path = ImageLoader.swift; sourceTree = "<group>"; };
/* End PBXFileReference section */

/* Begin PBXFrameworksBuildPhase section */
		FABFD536294E810400BCECC4 /* Frameworks */ = {
			isa = PBXFrameworksBuildPhase;
			buildActionMask = 2147483647;
			files = (
			);
			runOnlyForDeploymentPostprocessing = 0;
		};
/* End PBXFrameworksBuildPhase section */

/* Begin PBXGroup section */
		FAADFE5E296506660054703C /* UIKitViews */ = {
			isa = PBXGroup;
			children = (
				FAADFE60296506C10054703C /* ActivityIndicatorView.swift */,
			);
			path = UIKitViews;
			sourceTree = "<group>";
		};
		FABFD530294E810400BCECC4 = {
			isa = PBXGroup;
			children = (
				FABFD53B294E810400BCECC4 /* AppMovie */,
				FABFD53A294E810400BCECC4 /* Products */,
			);
			sourceTree = "<group>";
		};
		FABFD53A294E810400BCECC4 /* Products */ = {
			isa = PBXGroup;
			children = (
				FABFD539294E810400BCECC4 /* AppMovie.app */,
			);
			name = Products;
			sourceTree = "<group>";
		};
		FABFD53B294E810400BCECC4 /* AppMovie */ = {
			isa = PBXGroup;
			children = (
				FAC42FC9295BC88F002CBD31 /* Bindings */,
				FAC42FC6295BC766002CBD31 /* Views */,
				FAC42FBF29574663002CBD31 /* Resources */,
				FAC42FB629514656002CBD31 /* Services */,
				FAC42FB32951454E002CBD31 /* Models */,
				FABFD542294E810A00BCECC4 /* Preview Content */,
				FABFD53C294E810400BCECC4 /* AppMovieApp.swift */,
				FABFD53E294E810400BCECC4 /* ContentView.swift */,
				FAC42FBB2953DEA1002CBD31 /* Utils.swift */,
				FABFD540294E810A00BCECC4 /* Assets.xcassets */,
			);
			path = AppMovie;
			sourceTree = "<group>";
		};
		FABFD542294E810A00BCECC4 /* Preview Content */ = {
			isa = PBXGroup;
			children = (
				FABFD543294E810A00BCECC4 /* Preview Assets.xcassets */,
			);
			path = "Preview Content";
			sourceTree = "<group>";
		};
		FAC42FB32951454E002CBD31 /* Models */ = {
			isa = PBXGroup;
			children = (
				FAC42FB42951457B002CBD31 /* Movie.swift */,
				FAC42FBD29574639002CBD31 /* Movie+Stub.swift */,
			);
			path = Models;
			sourceTree = "<group>";
		};
		FAC42FB629514656002CBD31 /* Services */ = {
			isa = PBXGroup;
			children = (
				FAC42FB729514676002CBD31 /* MovieServices.swift */,
				FAC42FB929529295002CBD31 /* MovieStore.swift */,
			);
			name = Services;
			sourceTree = "<group>";
		};
		FAC42FBF29574663002CBD31 /* Resources */ = {
			isa = PBXGroup;
			children = (
				FAC42FC0295BC75C002CBD31 /* movie_info.json */,
				FAC42FC1295BC75C002CBD31 /* movie_list.json */,
				FAC42FC2295BC75C002CBD31 /* search_movie.json */,
			);
			path = Resources;
			sourceTree = "<group>";
		};
		FAC42FC6295BC766002CBD31 /* Views */ = {
			isa = PBXGroup;
			children = (
				FAADFE5E296506660054703C /* UIKitViews */,
				FAC42FC7295BC7C6002CBD31 /* MovieBackdropCard.swift */,
				FAADFE562960D95E0054703C /* MovieBackdropCarouselView.swift */,
				FAADFE582963B8370054703C /* MoviePosterCard.swift */,
				FAADFE5A2963BB390054703C /* MoviePosterCarouselView.swift */,
			);
			path = Views;
			sourceTree = "<group>";
		};
		FAC42FC9295BC88F002CBD31 /* Bindings */ = {
			isa = PBXGroup;
			children = (
				FAC42FCA295BC8A9002CBD31 /* ImageLoader.swift */,
				FAADFE5C296503660054703C /* MovieListState.swift */,
			);
			path = Bindings;
			sourceTree = "<group>";
		};
/* End PBXGroup section */

/* Begin PBXNativeTarget section */
		FABFD538294E810400BCECC4 /* AppMovie */ = {
			isa = PBXNativeTarget;
			buildConfigurationList = FABFD547294E810A00BCECC4 /* Build configuration list for PBXNativeTarget "AppMovie" */;
			buildPhases = (
				FABFD535294E810400BCECC4 /* Sources */,
				FABFD536294E810400BCECC4 /* Frameworks */,
				FABFD537294E810400BCECC4 /* Resources */,
			);
			buildRules = (
			);
			dependencies = (
			);
			name = AppMovie;
			productName = AppMovie;
			productReference = FABFD539294E810400BCECC4 /* AppMovie.app */;
			productType = "com.apple.product-type.application";
		};
/* End PBXNativeTarget section */

/* Begin PBXProject section */
		FABFD531294E810400BCECC4 /* Project object */ = {
			isa = PBXProject;
			attributes = {
				BuildIndependentTargetsInParallel = 1;
				LastSwiftUpdateCheck = 1410;
				LastUpgradeCheck = 1410;
				TargetAttributes = {
					FABFD538294E810400BCECC4 = {
						CreatedOnToolsVersion = 14.1;
					};
				};
			};
			buildConfigurationList = FABFD534294E810400BCECC4 /* Build configuration list for PBXProject "SwiftUIMovieDb" */;
			compatibilityVersion = "Xcode 14.0";
			developmentRegion = en;
			hasScannedForEncodings = 0;
			knownRegions = (
				en,
				Base,
			);
			mainGroup = FABFD530294E810400BCECC4;
			productRefGroup = FABFD53A294E810400BCECC4 /* Products */;
			projectDirPath = "";
			projectRoot = "";
			targets = (
				FABFD538294E810400BCECC4 /* AppMovie */,
			);
		};
/* End PBXProject section */

/* Begin PBXResourcesBuildPhase section */
		FABFD537294E810400BCECC4 /* Resources */ = {
			isa = PBXResourcesBuildPhase;
			buildActionMask = 2147483647;
			files = (
				FABFD544294E810A00BCECC4 /* Preview Assets.xcassets in Resources */,
				FAC42FC3295BC75C002CBD31 /* movie_info.json in Resources */,
				FAC42FC4295BC75C002CBD31 /* movie_list.json in Resources */,
				FAC42FC5295BC75C002CBD31 /* search_movie.json in Resources */,
				FABFD541294E810A00BCECC4 /* Assets.xcassets in Resources */,
			);
			runOnlyForDeploymentPostprocessing = 0;
		};
/* End PBXResourcesBuildPhase section */

/* Begin PBXSourcesBuildPhase section */
		FABFD535294E810400BCECC4 /* Sources */ = {
			isa = PBXSourcesBuildPhase;
			buildActionMask = 2147483647;
			files = (
				FABFD53F294E810400BCECC4 /* ContentView.swift in Sources */,
				FABFD53D294E810400BCECC4 /* AppMovieApp.swift in Sources */,
				FAC42FC8295BC7C6002CBD31 /* MovieBackdropCard.swift in Sources */,
				FAC42FB829514676002CBD31 /* MovieServices.swift in Sources */,
				FAADFE592963B8370054703C /* MoviePosterCard.swift in Sources */,
				FAC42FBE29574639002CBD31 /* Movie+Stub.swift in Sources */,
				FAADFE5D296503660054703C /* MovieListState.swift in Sources */,
				FAADFE5B2963BB390054703C /* MoviePosterCarouselView.swift in Sources */,
				FAC42FCB295BC8A9002CBD31 /* ImageLoader.swift in Sources */,
				FAC42FB52951457B002CBD31 /* Movie.swift in Sources */,
				FAADFE572960D95E0054703C /* MovieBackdropCarouselView.swift in Sources */,
				FAC42FBA29529295002CBD31 /* MovieStore.swift in Sources */,
				FAC42FBC2953DEA1002CBD31 /* Utils.swift in Sources */,
				FAADFE61296506C10054703C /* ActivityIndicatorView.swift in Sources */,
			);
			runOnlyForDeploymentPostprocessing = 0;
		};
/* End PBXSourcesBuildPhase section */

/* Begin XCBuildConfiguration section */
		FABFD545294E810A00BCECC4 /* Debug */ = {
			isa = XCBuildConfiguration;
			buildSettings = {
				ALWAYS_SEARCH_USER_PATHS = NO;
				CLANG_ANALYZER_NONNULL = YES;
				CLANG_ANALYZER_NUMBER_OBJECT_CONVERSION = YES_AGGRESSIVE;
				CLANG_CXX_LANGUAGE_STANDARD = "gnu++20";
				CLANG_ENABLE_MODULES = YES;
				CLANG_ENABLE_OBJC_ARC = YES;
				CLANG_ENABLE_OBJC_WEAK = YES;
				CLANG_WARN_BLOCK_CAPTURE_AUTORELEASING = YES;
				CLANG_WARN_BOOL_CONVERSION = YES;
				CLANG_WARN_COMMA = YES;
				CLANG_WARN_CONSTANT_CONVERSION = YES;
				CLANG_WARN_DEPRECATED_OBJC_IMPLEMENTATIONS = YES;
				CLANG_WARN_DIRECT_OBJC_ISA_USAGE = YES_ERROR;
				CLANG_WARN_DOCUMENTATION_COMMENTS = YES;
				CLANG_WARN_EMPTY_BODY = YES;
				CLANG_WARN_ENUM_CONVERSION = YES;
				CLANG_WARN_INFINITE_RECURSION = YES;
				CLANG_WARN_INT_CONVERSION = YES;
				CLANG_WARN_NON_LITERAL_NULL_CONVERSION = YES;
				CLANG_WARN_OBJC_IMPLICIT_RETAIN_SELF = YES;
				CLANG_WARN_OBJC_LITERAL_CONVERSION = YES;
				CLANG_WARN_OBJC_ROOT_CLASS = YES_ERROR;
				CLANG_WARN_QUOTED_INCLUDE_IN_FRAMEWORK_HEADER = YES;
				CLANG_WARN_RANGE_LOOP_ANALYSIS = YES;
				CLANG_WARN_STRICT_PROTOTYPES = YES;
				CLANG_WARN_SUSPICIOUS_MOVE = YES;
				CLANG_WARN_UNGUARDED_AVAILABILITY = YES_AGGRESSIVE;
				CLANG_WARN_UNREACHABLE_CODE = YES;
				CLANG_WARN__DUPLICATE_METHOD_MATCH = YES;
				COPY_PHASE_STRIP = NO;
				DEBUG_INFORMATION_FORMAT = dwarf;
				ENABLE_STRICT_OBJC_MSGSEND = YES;
				ENABLE_TESTABILITY = YES;
				GCC_C_LANGUAGE_STANDARD = gnu11;
				GCC_DYNAMIC_NO_PIC = NO;
				GCC_NO_COMMON_BLOCKS = YES;
				GCC_OPTIMIZATION_LEVEL = 0;
				GCC_PREPROCESSOR_DEFINITIONS = (
					"DEBUG=1",
					"$(inherited)",
				);
				GCC_WARN_64_TO_32_BIT_CONVERSION = YES;
				GCC_WARN_ABOUT_RETURN_TYPE = YES_ERROR;
				GCC_WARN_UNDECLARED_SELECTOR = YES;
				GCC_WARN_UNINITIALIZED_AUTOS = YES_AGGRESSIVE;
				GCC_WARN_UNUSED_FUNCTION = YES;
				GCC_WARN_UNUSED_VARIABLE = YES;
				IPHONEOS_DEPLOYMENT_TARGET = 16.1;
				MTL_ENABLE_DEBUG_INFO = INCLUDE_SOURCE;
				MTL_FAST_MATH = YES;
				ONLY_ACTIVE_ARCH = YES;
				SDKROOT = iphoneos;
				SWIFT_ACTIVE_COMPILATION_CONDITIONS = DEBUG;
				SWIFT_OPTIMIZATION_LEVEL = "-Onone";
			};
			name = Debug;
		};
		FABFD546294E810A00BCECC4 /* Release */ = {
			isa = XCBuildConfiguration;
			buildSettings = {
				ALWAYS_SEARCH_USER_PATHS = NO;
				CLANG_ANALYZER_NONNULL = YES;
				CLANG_ANALYZER_NUMBER_OBJECT_CONVERSION = YES_AGGRESSIVE;
				CLANG_CXX_LANGUAGE_STANDARD = "gnu++20";
				CLANG_ENABLE_MODULES = YES;
				CLANG_ENABLE_OBJC_ARC = YES;
				CLANG_ENABLE_OBJC_WEAK = YES;
				CLANG_WARN_BLOCK_CAPTURE_AUTORELEASING = YES;
				CLANG_WARN_BOOL_CONVERSION = YES;
				CLANG_WARN_COMMA = YES;
				CLANG_WARN_CONSTANT_CONVERSION = YES;
				CLANG_WARN_DEPRECATED_OBJC_IMPLEMENTATIONS = YES;
				CLANG_WARN_DIRECT_OBJC_ISA_USAGE = YES_ERROR;
				CLANG_WARN_DOCUMENTATION_COMMENTS = YES;
				CLANG_WARN_EMPTY_BODY = YES;
				CLANG_WARN_ENUM_CONVERSION = YES;
				CLANG_WARN_INFINITE_RECURSION = YES;
				CLANG_WARN_INT_CONVERSION = YES;
				CLANG_WARN_NON_LITERAL_NULL_CONVERSION = YES;
				CLANG_WARN_OBJC_IMPLICIT_RETAIN_SELF = YES;
				CLANG_WARN_OBJC_LITERAL_CONVERSION = YES;
				CLANG_WARN_OBJC_ROOT_CLASS = YES_ERROR;
				CLANG_WARN_QUOTED_INCLUDE_IN_FRAMEWORK_HEADER = YES;
				CLANG_WARN_RANGE_LOOP_ANALYSIS = YES;
				CLANG_WARN_STRICT_PROTOTYPES = YES;
				CLANG_WARN_SUSPICIOUS_MOVE = YES;
				CLANG_WARN_UNGUARDED_AVAILABILITY = YES_AGGRESSIVE;
				CLANG_WARN_UNREACHABLE_CODE = YES;
				CLANG_WARN__DUPLICATE_METHOD_MATCH = YES;
				COPY_PHASE_STRIP = NO;
				DEBUG_INFORMATION_FORMAT = "dwarf-with-dsym";
				ENABLE_NS_ASSERTIONS = NO;
				ENABLE_STRICT_OBJC_MSGSEND = YES;
				GCC_C_LANGUAGE_STANDARD = gnu11;
				GCC_NO_COMMON_BLOCKS = YES;
				GCC_WARN_64_TO_32_BIT_CONVERSION = YES;
				GCC_WARN_ABOUT_RETURN_TYPE = YES_ERROR;
				GCC_WARN_UNDECLARED_SELECTOR = YES;
				GCC_WARN_UNINITIALIZED_AUTOS = YES_AGGRESSIVE;
				GCC_WARN_UNUSED_FUNCTION = YES;
				GCC_WARN_UNUSED_VARIABLE = YES;
				IPHONEOS_DEPLOYMENT_TARGET = 16.1;
				MTL_ENABLE_DEBUG_INFO = NO;
				MTL_FAST_MATH = YES;
				SDKROOT = iphoneos;
				SWIFT_COMPILATION_MODE = wholemodule;
				SWIFT_OPTIMIZATION_LEVEL = "-O";
				VALIDATE_PRODUCT = YES;
			};
			name = Release;
		};
		FABFD548294E810A00BCECC4 /* Debug */ = {
			isa = XCBuildConfiguration;
			buildSettings = {
				ASSETCATALOG_COMPILER_APPICON_NAME = AppIcon;
				ASSETCATALOG_COMPILER_GLOBAL_ACCENT_COLOR_NAME = AccentColor;
				CODE_SIGN_STYLE = Automatic;
				CURRENT_PROJECT_VERSION = 1;
				DEVELOPMENT_ASSET_PATHS = "\"AppMovie/Preview Content\"";
				ENABLE_PREVIEWS = YES;
				GENERATE_INFOPLIST_FILE = YES;
				INFOPLIST_KEY_UIApplicationSceneManifest_Generation = YES;
				INFOPLIST_KEY_UIApplicationSupportsIndirectInputEvents = YES;
				INFOPLIST_KEY_UILaunchScreen_Generation = YES;
				INFOPLIST_KEY_UISupportedInterfaceOrientations_iPad = "UIInterfaceOrientationPortrait UIInterfaceOrientationPortraitUpsideDown UIInterfaceOrientationLandscapeLeft UIInterfaceOrientationLandscapeRight";
				INFOPLIST_KEY_UISupportedInterfaceOrientations_iPhone = "UIInterfaceOrientationPortrait UIInterfaceOrientationLandscapeLeft UIInterfaceOrientationLandscapeRight";
				LD_RUNPATH_SEARCH_PATHS = (
					"$(inherited)",
					"@executable_path/Frameworks",
				);
				MARKETING_VERSION = 1.0;
				PRODUCT_BUNDLE_IDENTIFIER = com.lucashollas.AppMovie;
				PRODUCT_NAME = "$(TARGET_NAME)";
				SWIFT_EMIT_LOC_STRINGS = YES;
				SWIFT_VERSION = 5.0;
				TARGETED_DEVICE_FAMILY = "1,2";
			};
			name = Debug;
		};
		FABFD549294E810A00BCECC4 /* Release */ = {
			isa = XCBuildConfiguration;
			buildSettings = {
				ASSETCATALOG_COMPILER_APPICON_NAME = AppIcon;
				ASSETCATALOG_COMPILER_GLOBAL_ACCENT_COLOR_NAME = AccentColor;
				CODE_SIGN_STYLE = Automatic;
				CURRENT_PROJECT_VERSION = 1;
				DEVELOPMENT_ASSET_PATHS = "\"AppMovie/Preview Content\"";
				ENABLE_PREVIEWS = YES;
				GENERATE_INFOPLIST_FILE = YES;
				INFOPLIST_KEY_UIApplicationSceneManifest_Generation = YES;
				INFOPLIST_KEY_UIApplicationSupportsIndirectInputEvents = YES;
				INFOPLIST_KEY_UILaunchScreen_Generation = YES;
				INFOPLIST_KEY_UISupportedInterfaceOrientations_iPad = "UIInterfaceOrientationPortrait UIInterfaceOrientationPortraitUpsideDown UIInterfaceOrientationLandscapeLeft UIInterfaceOrientationLandscapeRight";
				INFOPLIST_KEY_UISupportedInterfaceOrientations_iPhone = "UIInterfaceOrientationPortrait UIInterfaceOrientationLandscapeLeft UIInterfaceOrientationLandscapeRight";
				LD_RUNPATH_SEARCH_PATHS = (
					"$(inherited)",
					"@executable_path/Frameworks",
				);
				MARKETING_VERSION = 1.0;
				PRODUCT_BUNDLE_IDENTIFIER = com.lucashollas.AppMovie;
				PRODUCT_NAME = "$(TARGET_NAME)";
				SWIFT_EMIT_LOC_STRINGS = YES;
				SWIFT_VERSION = 5.0;
				TARGETED_DEVICE_FAMILY = "1,2";
			};
			name = Release;
		};
/* End XCBuildConfiguration section */

/* Begin XCConfigurationList section */
		FABFD534294E810400BCECC4 /* Build configuration list for PBXProject "SwiftUIMovieDb" */ = {
			isa = XCConfigurationList;
			buildConfigurations = (
				FABFD545294E810A00BCECC4 /* Debug */,
				FABFD546294E810A00BCECC4 /* Release */,
			);
			defaultConfigurationIsVisible = 0;
			defaultConfigurationName = Release;
		};
		FABFD547294E810A00BCECC4 /* Build configuration list for PBXNativeTarget "AppMovie" */ = {
			isa = XCConfigurationList;
			buildConfigurations = (
				FABFD548294E810A00BCECC4 /* Debug */,
				FABFD549294E810A00BCECC4 /* Release */,
			);
			defaultConfigurationIsVisible = 0;
			defaultConfigurationName = Release;
		};
/* End XCConfigurationList section */
	};
	rootObject = FABFD531294E810400BCECC4 /* Project object */;
}
